// !$*UTF8*$!
{
	archiveVersion = 1;
	classes = {
	};
	objectVersion = 50;
	objects = {

/* Begin PBXBuildFile section */
		9740414B26BD80E2003D1E3D /* AppDelegate.swift in Sources */ = {isa = PBXBuildFile; fileRef = 9740414A26BD80E2003D1E3D /* AppDelegate.swift */; };
		9740414D26BD80E2003D1E3D /* SceneDelegate.swift in Sources */ = {isa = PBXBuildFile; fileRef = 9740414C26BD80E2003D1E3D /* SceneDelegate.swift */; };
		9740414F26BD80E2003D1E3D /* MainViewController.swift in Sources */ = {isa = PBXBuildFile; fileRef = 9740414E26BD80E2003D1E3D /* MainViewController.swift */; };
		9740415226BD80E2003D1E3D /* Main.storyboard in Resources */ = {isa = PBXBuildFile; fileRef = 9740415026BD80E2003D1E3D /* Main.storyboard */; };
		9740415426BD80E2003D1E3D /* Assets.xcassets in Resources */ = {isa = PBXBuildFile; fileRef = 9740415326BD80E2003D1E3D /* Assets.xcassets */; };
		9740415726BD80E2003D1E3D /* LaunchScreen.storyboard in Resources */ = {isa = PBXBuildFile; fileRef = 9740415526BD80E2003D1E3D /* LaunchScreen.storyboard */; };
		9740416226BD85F2003D1E3D /* UserActionCell.swift in Sources */ = {isa = PBXBuildFile; fileRef = 9740416126BD85F2003D1E3D /* UserActionCell.swift */; };
		9740416426BD8C24003D1E3D /* ImageViewController.swift in Sources */ = {isa = PBXBuildFile; fileRef = 9740416326BD8C24003D1E3D /* ImageViewController.swift */; };
		9740416726BD8EE3003D1E3D /* Character.swift in Sources */ = {isa = PBXBuildFile; fileRef = 9740416626BD8EE3003D1E3D /* Character.swift */; };
		97BF5F3326C1DD58001AC8BB /* CharacterTableViewController.swift in Sources */ = {isa = PBXBuildFile; fileRef = 97BF5F3226C1DD58001AC8BB /* CharacterTableViewController.swift */; };
		97BF5F3526C1E33E001AC8BB /* CharacterTableViewCell.swift in Sources */ = {isa = PBXBuildFile; fileRef = 97BF5F3426C1E33E001AC8BB /* CharacterTableViewCell.swift */; };
/* End PBXBuildFile section */

/* Begin PBXFileReference section */
		9740414726BD80E2003D1E3D /* RickandMortyApi.app */ = {isa = PBXFileReference; explicitFileType = wrapper.application; includeInIndex = 0; path = RickandMortyApi.app; sourceTree = BUILT_PRODUCTS_DIR; };
		9740414A26BD80E2003D1E3D /* AppDelegate.swift */ = {isa = PBXFileReference; lastKnownFileType = sourcecode.swift; path = AppDelegate.swift; sourceTree = "<group>"; };
		9740414C26BD80E2003D1E3D /* SceneDelegate.swift */ = {isa = PBXFileReference; lastKnownFileType = sourcecode.swift; path = SceneDelegate.swift; sourceTree = "<group>"; };
		9740414E26BD80E2003D1E3D /* MainViewController.swift */ = {isa = PBXFileReference; lastKnownFileType = sourcecode.swift; path = MainViewController.swift; sourceTree = "<group>"; };
		9740415126BD80E2003D1E3D /* Base */ = {isa = PBXFileReference; lastKnownFileType = file.storyboard; name = Base; path = Base.lproj/Main.storyboard; sourceTree = "<group>"; };
		9740415326BD80E2003D1E3D /* Assets.xcassets */ = {isa = PBXFileReference; lastKnownFileType = folder.assetcatalog; path = Assets.xcassets; sourceTree = "<group>"; };
		9740415626BD80E2003D1E3D /* Base */ = {isa = PBXFileReference; lastKnownFileType = file.storyboard; name = Base; path = Base.lproj/LaunchScreen.storyboard; sourceTree = "<group>"; };
		9740415826BD80E2003D1E3D /* Info.plist */ = {isa = PBXFileReference; lastKnownFileType = text.plist.xml; path = Info.plist; sourceTree = "<group>"; };
		9740416126BD85F2003D1E3D /* UserActionCell.swift */ = {isa = PBXFileReference; lastKnownFileType = sourcecode.swift; path = UserActionCell.swift; sourceTree = "<group>"; };
		9740416326BD8C24003D1E3D /* ImageViewController.swift */ = {isa = PBXFileReference; lastKnownFileType = sourcecode.swift; path = ImageViewController.swift; sourceTree = "<group>"; };
		9740416626BD8EE3003D1E3D /* Character.swift */ = {isa = PBXFileReference; lastKnownFileType = sourcecode.swift; path = Character.swift; sourceTree = "<group>"; };
		97BF5F3226C1DD58001AC8BB /* CharacterTableViewController.swift */ = {isa = PBXFileReference; lastKnownFileType = sourcecode.swift; path = CharacterTableViewController.swift; sourceTree = "<group>"; };
		97BF5F3426C1E33E001AC8BB /* CharacterTableViewCell.swift */ = {isa = PBXFileReference; lastKnownFileType = sourcecode.swift; path = CharacterTableViewCell.swift; sourceTree = "<group>"; };
/* End PBXFileReference section */

/* Begin PBXFrameworksBuildPhase section */
		9740414426BD80E2003D1E3D /* Frameworks */ = {
			isa = PBXFrameworksBuildPhase;
			buildActionMask = 2147483647;
			files = (
			);
			runOnlyForDeploymentPostprocessing = 0;
		};
/* End PBXFrameworksBuildPhase section */

/* Begin PBXGroup section */
		9740413E26BD80E2003D1E3D = {
			isa = PBXGroup;
			children = (
				9740414926BD80E2003D1E3D /* RickandMortyApi */,
				9740414826BD80E2003D1E3D /* Products */,
			);
			sourceTree = "<group>";
		};
		9740414826BD80E2003D1E3D /* Products */ = {
			isa = PBXGroup;
			children = (
				9740414726BD80E2003D1E3D /* RickandMortyApi.app */,
			);
			name = Products;
			sourceTree = "<group>";
		};
		9740414926BD80E2003D1E3D /* RickandMortyApi */ = {
			isa = PBXGroup;
			children = (
				9740416526BD8EBD003D1E3D /* Model */,
				9740415F26BD8114003D1E3D /* App */,
				9740416026BD811C003D1E3D /* ViewControllers */,
				9740415E26BD8106003D1E3D /* Storyboard */,
				9740415326BD80E2003D1E3D /* Assets.xcassets */,
				9740415826BD80E2003D1E3D /* Info.plist */,
			);
			path = RickandMortyApi;
			sourceTree = "<group>";
		};
		9740415E26BD8106003D1E3D /* Storyboard */ = {
			isa = PBXGroup;
			children = (
				9740415526BD80E2003D1E3D /* LaunchScreen.storyboard */,
				9740415026BD80E2003D1E3D /* Main.storyboard */,
			);
			path = Storyboard;
			sourceTree = "<group>";
		};
		9740415F26BD8114003D1E3D /* App */ = {
			isa = PBXGroup;
			children = (
				9740414A26BD80E2003D1E3D /* AppDelegate.swift */,
				9740414C26BD80E2003D1E3D /* SceneDelegate.swift */,
			);
			path = App;
			sourceTree = "<group>";
		};
		9740416026BD811C003D1E3D /* ViewControllers */ = {
			isa = PBXGroup;
			children = (
				9740414E26BD80E2003D1E3D /* MainViewController.swift */,
				9740416126BD85F2003D1E3D /* UserActionCell.swift */,
				9740416326BD8C24003D1E3D /* ImageViewController.swift */,
				97BF5F3426C1E33E001AC8BB /* CharacterTableViewCell.swift */,
				97BF5F3226C1DD58001AC8BB /* CharacterTableViewController.swift */,
			);
			path = ViewControllers;
			sourceTree = "<group>";
		};
		9740416526BD8EBD003D1E3D /* Model */ = {
			isa = PBXGroup;
			children = (
				9740416626BD8EE3003D1E3D /* Character.swift */,
			);
			path = Model;
			sourceTree = "<group>";
		};
/* End PBXGroup section */

/* Begin PBXNativeTarget section */
		9740414626BD80E2003D1E3D /* RickandMortyApi */ = {
			isa = PBXNativeTarget;
			buildConfigurationList = 9740415B26BD80E2003D1E3D /* Build configuration list for PBXNativeTarget "RickandMortyApi" */;
			buildPhases = (
				9740414326BD80E2003D1E3D /* Sources */,
				9740414426BD80E2003D1E3D /* Frameworks */,
				9740414526BD80E2003D1E3D /* Resources */,
			);
			buildRules = (
			);
			dependencies = (
			);
			name = RickandMortyApi;
			productName = RickandMortyApi;
			productReference = 9740414726BD80E2003D1E3D /* RickandMortyApi.app */;
			productType = "com.apple.product-type.application";
		};
/* End PBXNativeTarget section */

/* Begin PBXProject section */
		9740413F26BD80E2003D1E3D /* Project object */ = {
			isa = PBXProject;
			attributes = {
				LastSwiftUpdateCheck = 1250;
				LastUpgradeCheck = 1250;
				TargetAttributes = {
					9740414626BD80E2003D1E3D = {
						CreatedOnToolsVersion = 12.5.1;
					};
				};
			};
			buildConfigurationList = 9740414226BD80E2003D1E3D /* Build configuration list for PBXProject "RickandMortyApi" */;
			compatibilityVersion = "Xcode 9.3";
			developmentRegion = en;
			hasScannedForEncodings = 0;
			knownRegions = (
				en,
				Base,
			);
			mainGroup = 9740413E26BD80E2003D1E3D;
			productRefGroup = 9740414826BD80E2003D1E3D /* Products */;
			projectDirPath = "";
			projectRoot = "";
			targets = (
				9740414626BD80E2003D1E3D /* RickandMortyApi */,
			);
		};
/* End PBXProject section */

/* Begin PBXResourcesBuildPhase section */
		9740414526BD80E2003D1E3D /* Resources */ = {
			isa = PBXResourcesBuildPhase;
			buildActionMask = 2147483647;
			files = (
				9740415726BD80E2003D1E3D /* LaunchScreen.storyboard in Resources */,
				9740415426BD80E2003D1E3D /* Assets.xcassets in Resources */,
				9740415226BD80E2003D1E3D /* Main.storyboard in Resources */,
			);
			runOnlyForDeploymentPostprocessing = 0;
		};
/* End PBXResourcesBuildPhase section */

/* Begin PBXSourcesBuildPhase section */
		9740414326BD80E2003D1E3D /* Sources */ = {
			isa = PBXSourcesBuildPhase;
			buildActionMask = 2147483647;
			files = (
				9740416226BD85F2003D1E3D /* UserActionCell.swift in Sources */,
				9740414F26BD80E2003D1E3D /* MainViewController.swift in Sources */,
				97BF5F3326C1DD58001AC8BB /* CharacterTableViewController.swift in Sources */,
				9740416426BD8C24003D1E3D /* ImageViewController.swift in Sources */,
				9740416726BD8EE3003D1E3D /* Character.swift in Sources */,
				9740414B26BD80E2003D1E3D /* AppDelegate.swift in Sources */,
				9740414D26BD80E2003D1E3D /* SceneDelegate.swift in Sources */,
				97BF5F3526C1E33E001AC8BB /* CharacterTableViewCell.swift in Sources */,
			);
			runOnlyForDeploymentPostprocessing = 0;
		};
/* End PBXSourcesBuildPhase section */

/* Begin PBXVariantGroup section */
		9740415026BD80E2003D1E3D /* Main.storyboard */ = {
			isa = PBXVariantGroup;
			children = (
				9740415126BD80E2003D1E3D /* Base */,
			);
			name = Main.storyboard;
			sourceTree = "<group>";
		};
		9740415526BD80E2003D1E3D /* LaunchScreen.storyboard */ = {
			isa = PBXVariantGroup;
			children = (
				9740415626BD80E2003D1E3D /* Base */,
			);
			name = LaunchScreen.storyboard;
			sourceTree = "<group>";
		};
/* End PBXVariantGroup section */

/* Begin XCBuildConfiguration section */
		9740415926BD80E2003D1E3D /* Debug */ = {
			isa = XCBuildConfiguration;
			buildSettings = {
				ALWAYS_SEARCH_USER_PATHS = NO;
				CLANG_ANALYZER_NONNULL = YES;
				CLANG_ANALYZER_NUMBER_OBJECT_CONVERSION = YES_AGGRESSIVE;
				CLANG_CXX_LANGUAGE_STANDARD = "gnu++14";
				CLANG_CXX_LIBRARY = "libc++";
				CLANG_ENABLE_MODULES = YES;
				CLANG_ENABLE_OBJC_ARC = YES;
				CLANG_ENABLE_OBJC_WEAK = YES;
				CLANG_WARN_BLOCK_CAPTURE_AUTORELEASING = YES;
				CLANG_WARN_BOOL_CONVERSION = YES;
				CLANG_WARN_COMMA = YES;
				CLANG_WARN_CONSTANT_CONVERSION = YES;
				CLANG_WARN_DEPRECATED_OBJC_IMPLEMENTATIONS = YES;
				CLANG_WARN_DIRECT_OBJC_ISA_USAGE = YES_ERROR;
				CLANG_WARN_DOCUMENTATION_COMMENTS = YES;
				CLANG_WARN_EMPTY_BODY = YES;
				CLANG_WARN_ENUM_CONVERSION = YES;
				CLANG_WARN_INFINITE_RECURSION = YES;
				CLANG_WARN_INT_CONVERSION = YES;
				CLANG_WARN_NON_LITERAL_NULL_CONVERSION = YES;
				CLANG_WARN_OBJC_IMPLICIT_RETAIN_SELF = YES;
				CLANG_WARN_OBJC_LITERAL_CONVERSION = YES;
				CLANG_WARN_OBJC_ROOT_CLASS = YES_ERROR;
				CLANG_WARN_QUOTED_INCLUDE_IN_FRAMEWORK_HEADER = YES;
				CLANG_WARN_RANGE_LOOP_ANALYSIS = YES;
				CLANG_WARN_STRICT_PROTOTYPES = YES;
				CLANG_WARN_SUSPICIOUS_MOVE = YES;
				CLANG_WARN_UNGUARDED_AVAILABILITY = YES_AGGRESSIVE;
				CLANG_WARN_UNREACHABLE_CODE = YES;
				CLANG_WARN__DUPLICATE_METHOD_MATCH = YES;
				COPY_PHASE_STRIP = NO;
				DEBUG_INFORMATION_FORMAT = dwarf;
				ENABLE_STRICT_OBJC_MSGSEND = YES;
				ENABLE_TESTABILITY = YES;
				GCC_C_LANGUAGE_STANDARD = gnu11;
				GCC_DYNAMIC_NO_PIC = NO;
				GCC_NO_COMMON_BLOCKS = YES;
				GCC_OPTIMIZATION_LEVEL = 0;
				GCC_PREPROCESSOR_DEFINITIONS = (
					"DEBUG=1",
					"$(inherited)",
				);
				GCC_WARN_64_TO_32_BIT_CONVERSION = YES;
				GCC_WARN_ABOUT_RETURN_TYPE = YES_ERROR;
				GCC_WARN_UNDECLARED_SELECTOR = YES;
				GCC_WARN_UNINITIALIZED_AUTOS = YES_AGGRESSIVE;
				GCC_WARN_UNUSED_FUNCTION = YES;
				GCC_WARN_UNUSED_VARIABLE = YES;
				IPHONEOS_DEPLOYMENT_TARGET = 14.5;
				MTL_ENABLE_DEBUG_INFO = INCLUDE_SOURCE;
				MTL_FAST_MATH = YES;
				ONLY_ACTIVE_ARCH = YES;
				SDKROOT = iphoneos;
				SWIFT_ACTIVE_COMPILATION_CONDITIONS = DEBUG;
				SWIFT_OPTIMIZATION_LEVEL = "-Onone";
			};
			name = Debug;
		};
		9740415A26BD80E2003D1E3D /* Release */ = {
			isa = XCBuildConfiguration;
			buildSettings = {
				ALWAYS_SEARCH_USER_PATHS = NO;
				CLANG_ANALYZER_NONNULL = YES;
				CLANG_ANALYZER_NUMBER_OBJECT_CONVERSION = YES_AGGRESSIVE;
				CLANG_CXX_LANGUAGE_STANDARD = "gnu++14";
				CLANG_CXX_LIBRARY = "libc++";
				CLANG_ENABLE_MODULES = YES;
				CLANG_ENABLE_OBJC_ARC = YES;
				CLANG_ENABLE_OBJC_WEAK = YES;
				CLANG_WARN_BLOCK_CAPTURE_AUTORELEASING = YES;
				CLANG_WARN_BOOL_CONVERSION = YES;
				CLANG_WARN_COMMA = YES;
				CLANG_WARN_CONSTANT_CONVERSION = YES;
				CLANG_WARN_DEPRECATED_OBJC_IMPLEMENTATIONS = YES;
				CLANG_WARN_DIRECT_OBJC_ISA_USAGE = YES_ERROR;
				CLANG_WARN_DOCUMENTATION_COMMENTS = YES;
				CLANG_WARN_EMPTY_BODY = YES;
				CLANG_WARN_ENUM_CONVERSION = YES;
				CLANG_WARN_INFINITE_RECURSION = YES;
				CLANG_WARN_INT_CONVERSION = YES;
				CLANG_WARN_NON_LITERAL_NULL_CONVERSION = YES;
				CLANG_WARN_OBJC_IMPLICIT_RETAIN_SELF = YES;
				CLANG_WARN_OBJC_LITERAL_CONVERSION = YES;
				CLANG_WARN_OBJC_ROOT_CLASS = YES_ERROR;
				CLANG_WARN_QUOTED_INCLUDE_IN_FRAMEWORK_HEADER = YES;
				CLANG_WARN_RANGE_LOOP_ANALYSIS = YES;
				CLANG_WARN_STRICT_PROTOTYPES = YES;
				CLANG_WARN_SUSPICIOUS_MOVE = YES;
				CLANG_WARN_UNGUARDED_AVAILABILITY = YES_AGGRESSIVE;
				CLANG_WARN_UNREACHABLE_CODE = YES;
				CLANG_WARN__DUPLICATE_METHOD_MATCH = YES;
				COPY_PHASE_STRIP = NO;
				DEBUG_INFORMATION_FORMAT = "dwarf-with-dsym";
				ENABLE_NS_ASSERTIONS = NO;
				ENABLE_STRICT_OBJC_MSGSEND = YES;
				GCC_C_LANGUAGE_STANDARD = gnu11;
				GCC_NO_COMMON_BLOCKS = YES;
				GCC_WARN_64_TO_32_BIT_CONVERSION = YES;
				GCC_WARN_ABOUT_RETURN_TYPE = YES_ERROR;
				GCC_WARN_UNDECLARED_SELECTOR = YES;
				GCC_WARN_UNINITIALIZED_AUTOS = YES_AGGRESSIVE;
				GCC_WARN_UNUSED_FUNCTION = YES;
				GCC_WARN_UNUSED_VARIABLE = YES;
				IPHONEOS_DEPLOYMENT_TARGET = 14.5;
				MTL_ENABLE_DEBUG_INFO = NO;
				MTL_FAST_MATH = YES;
				SDKROOT = iphoneos;
				SWIFT_COMPILATION_MODE = wholemodule;
				SWIFT_OPTIMIZATION_LEVEL = "-O";
				VALIDATE_PRODUCT = YES;
			};
			name = Release;
		};
		9740415C26BD80E2003D1E3D /* Debug */ = {
			isa = XCBuildConfiguration;
			buildSettings = {
				ASSETCATALOG_COMPILER_APPICON_NAME = AppIcon;
				ASSETCATALOG_COMPILER_GLOBAL_ACCENT_COLOR_NAME = AccentColor;
				CODE_SIGN_STYLE = Automatic;
				DEVELOPMENT_TEAM = A3U43FT35S;
				INFOPLIST_FILE = RickandMortyApi/Info.plist;
				LD_RUNPATH_SEARCH_PATHS = (
					"$(inherited)",
					"@executable_path/Frameworks",
				);
				PRODUCT_BUNDLE_IDENTIFIER = JsonApp2.RickandMortyApi;
				PRODUCT_NAME = "$(TARGET_NAME)";
				SWIFT_VERSION = 5.0;
				TARGETED_DEVICE_FAMILY = "1,2";
			};
			name = Debug;
		};
		9740415D26BD80E2003D1E3D /* Release */ = {
			isa = XCBuildConfiguration;
			buildSettings = {
				ASSETCATALOG_COMPILER_APPICON_NAME = AppIcon;
				ASSETCATALOG_COMPILER_GLOBAL_ACCENT_COLOR_NAME = AccentColor;
				CODE_SIGN_STYLE = Automatic;
				DEVELOPMENT_TEAM = A3U43FT35S;
				INFOPLIST_FILE = RickandMortyApi/Info.plist;
				LD_RUNPATH_SEARCH_PATHS = (
					"$(inherited)",
					"@executable_path/Frameworks",
				);
				PRODUCT_BUNDLE_IDENTIFIER = JsonApp2.RickandMortyApi;
				PRODUCT_NAME = "$(TARGET_NAME)";
				SWIFT_VERSION = 5.0;
				TARGETED_DEVICE_FAMILY = "1,2";
			};
			name = Release;
		};
/* End XCBuildConfiguration section */

/* Begin XCConfigurationList section */
		9740414226BD80E2003D1E3D /* Build configuration list for PBXProject "RickandMortyApi" */ = {
			isa = XCConfigurationList;
			buildConfigurations = (
				9740415926BD80E2003D1E3D /* Debug */,
				9740415A26BD80E2003D1E3D /* Release */,
			);
			defaultConfigurationIsVisible = 0;
			defaultConfigurationName = Release;
		};
		9740415B26BD80E2003D1E3D /* Build configuration list for PBXNativeTarget "RickandMortyApi" */ = {
			isa = XCConfigurationList;
			buildConfigurations = (
				9740415C26BD80E2003D1E3D /* Debug */,
				9740415D26BD80E2003D1E3D /* Release */,
			);
			defaultConfigurationIsVisible = 0;
			defaultConfigurationName = Release;
		};
/* End XCConfigurationList section */
	};
	rootObject = 9740413F26BD80E2003D1E3D /* Project object */;
}
